// !$*UTF8*$!
{
	archiveVersion = 1;
	classes = {
	};
	objectVersion = 48;
	objects = {

/* Begin PBXBuildFile section */
		3834DAE688AA8FA7A4D621D4 /* Brain.swift in Sources */ = {isa = PBXBuildFile; fileRef = 3834D04931214A842F283B31 /* Brain.swift */; };
		3834DC169B8CB80AC4266A96 /* Game.swift in Sources */ = {isa = PBXBuildFile; fileRef = 3834DA228CA8DBC8C9454561 /* Game.swift */; };
		AD88D0B51FFA1B2D002D02C0 /* AppDelegate.swift in Sources */ = {isa = PBXBuildFile; fileRef = AD88D0B41FFA1B2D002D02C0 /* AppDelegate.swift */; };
		AD88D0B71FFA1B2D002D02C0 /* ViewController.swift in Sources */ = {isa = PBXBuildFile; fileRef = AD88D0B61FFA1B2D002D02C0 /* ViewController.swift */; };
		AD88D0BA1FFA1B2D002D02C0 /* Main.storyboard in Resources */ = {isa = PBXBuildFile; fileRef = AD88D0B81FFA1B2D002D02C0 /* Main.storyboard */; };
		AD88D0BC1FFA1B2D002D02C0 /* Assets.xcassets in Resources */ = {isa = PBXBuildFile; fileRef = AD88D0BB1FFA1B2D002D02C0 /* Assets.xcassets */; };
		AD88D0BF1FFA1B2D002D02C0 /* LaunchScreen.storyboard in Resources */ = {isa = PBXBuildFile; fileRef = AD88D0BD1FFA1B2D002D02C0 /* LaunchScreen.storyboard */; };
		AD88D0D51FFA1B2D002D02C0 /* FizzBuzzUITests.swift in Sources */ = {isa = PBXBuildFile; fileRef = AD88D0D41FFA1B2D002D02C0 /* FizzBuzzUITests.swift */; };
		AD88D0E31FFA21E4002D02C0 /* BrainTests.swift in Sources */ = {isa = PBXBuildFile; fileRef = AD88D0E21FFA21E4002D02C0 /* BrainTests.swift */; };
		AD88D0E51FFAD608002D02C0 /* GameTests.swift in Sources */ = {isa = PBXBuildFile; fileRef = AD88D0E41FFAD608002D02C0 /* GameTests.swift */; };
		AD88D0E71FFB6936002D02C0 /* ViewControllerUnitTests.swift in Sources */ = {isa = PBXBuildFile; fileRef = AD88D0E61FFB6936002D02C0 /* ViewControllerUnitTests.swift */; };
/* End PBXBuildFile section */

/* Begin PBXContainerItemProxy section */
		AD88D0C61FFA1B2D002D02C0 /* PBXContainerItemProxy */ = {
			isa = PBXContainerItemProxy;
			containerPortal = AD88D0A91FFA1B2D002D02C0 /* Project object */;
			proxyType = 1;
			remoteGlobalIDString = AD88D0B01FFA1B2D002D02C0;
			remoteInfo = FizzBuzz;
		};
		AD88D0D11FFA1B2D002D02C0 /* PBXContainerItemProxy */ = {
			isa = PBXContainerItemProxy;
			containerPortal = AD88D0A91FFA1B2D002D02C0 /* Project object */;
			proxyType = 1;
			remoteGlobalIDString = AD88D0B01FFA1B2D002D02C0;
			remoteInfo = FizzBuzz;
		};
/* End PBXContainerItemProxy section */

/* Begin PBXFileReference section */
		3834D04931214A842F283B31 /* Brain.swift */ = {isa = PBXFileReference; fileEncoding = 4; lastKnownFileType = sourcecode.swift; path = Brain.swift; sourceTree = "<group>"; };
		3834DA228CA8DBC8C9454561 /* Game.swift */ = {isa = PBXFileReference; fileEncoding = 4; lastKnownFileType = sourcecode.swift; path = Game.swift; sourceTree = "<group>"; };
		AD88D0B11FFA1B2D002D02C0 /* FizzBuzz.app */ = {isa = PBXFileReference; explicitFileType = wrapper.application; includeInIndex = 0; path = FizzBuzz.app; sourceTree = BUILT_PRODUCTS_DIR; };
		AD88D0B41FFA1B2D002D02C0 /* AppDelegate.swift */ = {isa = PBXFileReference; lastKnownFileType = sourcecode.swift; path = AppDelegate.swift; sourceTree = "<group>"; };
		AD88D0B61FFA1B2D002D02C0 /* ViewController.swift */ = {isa = PBXFileReference; lastKnownFileType = sourcecode.swift; path = ViewController.swift; sourceTree = "<group>"; };
		AD88D0B91FFA1B2D002D02C0 /* Base */ = {isa = PBXFileReference; lastKnownFileType = file.storyboard; name = Base; path = Base.lproj/Main.storyboard; sourceTree = "<group>"; };
		AD88D0BB1FFA1B2D002D02C0 /* Assets.xcassets */ = {isa = PBXFileReference; lastKnownFileType = folder.assetcatalog; path = Assets.xcassets; sourceTree = "<group>"; };
		AD88D0BE1FFA1B2D002D02C0 /* Base */ = {isa = PBXFileReference; lastKnownFileType = file.storyboard; name = Base; path = Base.lproj/LaunchScreen.storyboard; sourceTree = "<group>"; };
		AD88D0C01FFA1B2D002D02C0 /* Info.plist */ = {isa = PBXFileReference; lastKnownFileType = text.plist.xml; path = Info.plist; sourceTree = "<group>"; };
		AD88D0C51FFA1B2D002D02C0 /* FizzBuzzTests.xctest */ = {isa = PBXFileReference; explicitFileType = wrapper.cfbundle; includeInIndex = 0; path = FizzBuzzTests.xctest; sourceTree = BUILT_PRODUCTS_DIR; };
		AD88D0CB1FFA1B2D002D02C0 /* Info.plist */ = {isa = PBXFileReference; lastKnownFileType = text.plist.xml; path = Info.plist; sourceTree = "<group>"; };
		AD88D0D01FFA1B2D002D02C0 /* FizzBuzzUITests.xctest */ = {isa = PBXFileReference; explicitFileType = wrapper.cfbundle; includeInIndex = 0; path = FizzBuzzUITests.xctest; sourceTree = BUILT_PRODUCTS_DIR; };
		AD88D0D41FFA1B2D002D02C0 /* FizzBuzzUITests.swift */ = {isa = PBXFileReference; lastKnownFileType = sourcecode.swift; path = FizzBuzzUITests.swift; sourceTree = "<group>"; };
		AD88D0D61FFA1B2D002D02C0 /* Info.plist */ = {isa = PBXFileReference; lastKnownFileType = text.plist.xml; path = Info.plist; sourceTree = "<group>"; };
		AD88D0E21FFA21E4002D02C0 /* BrainTests.swift */ = {isa = PBXFileReference; lastKnownFileType = sourcecode.swift; path = BrainTests.swift; sourceTree = "<group>"; };
		AD88D0E41FFAD608002D02C0 /* GameTests.swift */ = {isa = PBXFileReference; lastKnownFileType = sourcecode.swift; path = GameTests.swift; sourceTree = "<group>"; };
		AD88D0E61FFB6936002D02C0 /* ViewControllerUnitTests.swift */ = {isa = PBXFileReference; lastKnownFileType = sourcecode.swift; path = ViewControllerUnitTests.swift; sourceTree = "<group>"; };
/* End PBXFileReference section */

/* Begin PBXFrameworksBuildPhase section */
		AD88D0AE1FFA1B2D002D02C0 /* Frameworks */ = {
			isa = PBXFrameworksBuildPhase;
			buildActionMask = 2147483647;
			files = (
			);
			runOnlyForDeploymentPostprocessing = 0;
		};
		AD88D0C21FFA1B2D002D02C0 /* Frameworks */ = {
			isa = PBXFrameworksBuildPhase;
			buildActionMask = 2147483647;
			files = (
			);
			runOnlyForDeploymentPostprocessing = 0;
		};
		AD88D0CD1FFA1B2D002D02C0 /* Frameworks */ = {
			isa = PBXFrameworksBuildPhase;
			buildActionMask = 2147483647;
			files = (
			);
			runOnlyForDeploymentPostprocessing = 0;
		};
/* End PBXFrameworksBuildPhase section */

/* Begin PBXGroup section */
		AD88D0A81FFA1B2D002D02C0 = {
			isa = PBXGroup;
			children = (
				AD88D0B31FFA1B2D002D02C0 /* FizzBuzz */,
				AD88D0C81FFA1B2D002D02C0 /* FizzBuzzTests */,
				AD88D0D31FFA1B2D002D02C0 /* FizzBuzzUITests */,
				AD88D0B21FFA1B2D002D02C0 /* Products */,
			);
			sourceTree = "<group>";
		};
		AD88D0B21FFA1B2D002D02C0 /* Products */ = {
			isa = PBXGroup;
			children = (
				AD88D0B11FFA1B2D002D02C0 /* FizzBuzz.app */,
				AD88D0C51FFA1B2D002D02C0 /* FizzBuzzTests.xctest */,
				AD88D0D01FFA1B2D002D02C0 /* FizzBuzzUITests.xctest */,
			);
			name = Products;
			sourceTree = "<group>";
		};
		AD88D0B31FFA1B2D002D02C0 /* FizzBuzz */ = {
			isa = PBXGroup;
			children = (
				AD88D0B41FFA1B2D002D02C0 /* AppDelegate.swift */,
				AD88D0B61FFA1B2D002D02C0 /* ViewController.swift */,
				AD88D0B81FFA1B2D002D02C0 /* Main.storyboard */,
				AD88D0BB1FFA1B2D002D02C0 /* Assets.xcassets */,
				AD88D0BD1FFA1B2D002D02C0 /* LaunchScreen.storyboard */,
				AD88D0C01FFA1B2D002D02C0 /* Info.plist */,
				3834D04931214A842F283B31 /* Brain.swift */,
				3834DA228CA8DBC8C9454561 /* Game.swift */,
			);
			path = FizzBuzz;
			sourceTree = "<group>";
		};
		AD88D0C81FFA1B2D002D02C0 /* FizzBuzzTests */ = {
			isa = PBXGroup;
			children = (
				AD88D0CB1FFA1B2D002D02C0 /* Info.plist */,
				AD88D0E21FFA21E4002D02C0 /* BrainTests.swift */,
				AD88D0E41FFAD608002D02C0 /* GameTests.swift */,
				AD88D0E61FFB6936002D02C0 /* ViewControllerUnitTests.swift */,
			);
			path = FizzBuzzTests;
			sourceTree = "<group>";
		};
		AD88D0D31FFA1B2D002D02C0 /* FizzBuzzUITests */ = {
			isa = PBXGroup;
			children = (
				AD88D0D41FFA1B2D002D02C0 /* FizzBuzzUITests.swift */,
				AD88D0D61FFA1B2D002D02C0 /* Info.plist */,
			);
			path = FizzBuzzUITests;
			sourceTree = "<group>";
		};
/* End PBXGroup section */

/* Begin PBXNativeTarget section */
		AD88D0B01FFA1B2D002D02C0 /* FizzBuzz */ = {
			isa = PBXNativeTarget;
			buildConfigurationList = AD88D0D91FFA1B2D002D02C0 /* Build configuration list for PBXNativeTarget "FizzBuzz" */;
			buildPhases = (
				AD88D0AD1FFA1B2D002D02C0 /* Sources */,
				AD88D0AE1FFA1B2D002D02C0 /* Frameworks */,
				AD88D0AF1FFA1B2D002D02C0 /* Resources */,
			);
			buildRules = (
			);
			dependencies = (
			);
			name = FizzBuzz;
			productName = FizzBuzz;
			productReference = AD88D0B11FFA1B2D002D02C0 /* FizzBuzz.app */;
			productType = "com.apple.product-type.application";
		};
		AD88D0C41FFA1B2D002D02C0 /* FizzBuzzTests */ = {
			isa = PBXNativeTarget;
			buildConfigurationList = AD88D0DC1FFA1B2D002D02C0 /* Build configuration list for PBXNativeTarget "FizzBuzzTests" */;
			buildPhases = (
				AD88D0C11FFA1B2D002D02C0 /* Sources */,
				AD88D0C21FFA1B2D002D02C0 /* Frameworks */,
				AD88D0C31FFA1B2D002D02C0 /* Resources */,
			);
			buildRules = (
			);
			dependencies = (
				AD88D0C71FFA1B2D002D02C0 /* PBXTargetDependency */,
			);
			name = FizzBuzzTests;
			productName = FizzBuzzTests;
			productReference = AD88D0C51FFA1B2D002D02C0 /* FizzBuzzTests.xctest */;
			productType = "com.apple.product-type.bundle.unit-test";
		};
		AD88D0CF1FFA1B2D002D02C0 /* FizzBuzzUITests */ = {
			isa = PBXNativeTarget;
			buildConfigurationList = AD88D0DF1FFA1B2D002D02C0 /* Build configuration list for PBXNativeTarget "FizzBuzzUITests" */;
			buildPhases = (
				AD88D0CC1FFA1B2D002D02C0 /* Sources */,
				AD88D0CD1FFA1B2D002D02C0 /* Frameworks */,
				AD88D0CE1FFA1B2D002D02C0 /* Resources */,
			);
			buildRules = (
			);
			dependencies = (
				AD88D0D21FFA1B2D002D02C0 /* PBXTargetDependency */,
			);
			name = FizzBuzzUITests;
			productName = FizzBuzzUITests;
			productReference = AD88D0D01FFA1B2D002D02C0 /* FizzBuzzUITests.xctest */;
			productType = "com.apple.product-type.bundle.ui-testing";
		};
/* End PBXNativeTarget section */

/* Begin PBXProject section */
		AD88D0A91FFA1B2D002D02C0 /* Project object */ = {
			isa = PBXProject;
			attributes = {
				LastSwiftUpdateCheck = 0920;
				LastUpgradeCheck = 0920;
				ORGANIZATIONNAME = "Cölle Online";
				TargetAttributes = {
					AD88D0B01FFA1B2D002D02C0 = {
						CreatedOnToolsVersion = 9.2;
						ProvisioningStyle = Automatic;
					};
					AD88D0C41FFA1B2D002D02C0 = {
						CreatedOnToolsVersion = 9.2;
						LastSwiftMigration = 0920;
						ProvisioningStyle = Automatic;
						TestTargetID = AD88D0B01FFA1B2D002D02C0;
					};
					AD88D0CF1FFA1B2D002D02C0 = {
						CreatedOnToolsVersion = 9.2;
						ProvisioningStyle = Automatic;
						TestTargetID = AD88D0B01FFA1B2D002D02C0;
					};
				};
			};
			buildConfigurationList = AD88D0AC1FFA1B2D002D02C0 /* Build configuration list for PBXProject "FizzBuzz" */;
			compatibilityVersion = "Xcode 8.0";
			developmentRegion = en;
			hasScannedForEncodings = 0;
			knownRegions = (
				en,
				Base,
			);
			mainGroup = AD88D0A81FFA1B2D002D02C0;
			productRefGroup = AD88D0B21FFA1B2D002D02C0 /* Products */;
			projectDirPath = "";
			projectRoot = "";
			targets = (
				AD88D0B01FFA1B2D002D02C0 /* FizzBuzz */,
				AD88D0C41FFA1B2D002D02C0 /* FizzBuzzTests */,
				AD88D0CF1FFA1B2D002D02C0 /* FizzBuzzUITests */,
			);
		};
/* End PBXProject section */

/* Begin PBXResourcesBuildPhase section */
		AD88D0AF1FFA1B2D002D02C0 /* Resources */ = {
			isa = PBXResourcesBuildPhase;
			buildActionMask = 2147483647;
			files = (
				AD88D0BF1FFA1B2D002D02C0 /* LaunchScreen.storyboard in Resources */,
				AD88D0BC1FFA1B2D002D02C0 /* Assets.xcassets in Resources */,
				AD88D0BA1FFA1B2D002D02C0 /* Main.storyboard in Resources */,
			);
			runOnlyForDeploymentPostprocessing = 0;
		};
		AD88D0C31FFA1B2D002D02C0 /* Resources */ = {
			isa = PBXResourcesBuildPhase;
			buildActionMask = 2147483647;
			files = (
			);
			runOnlyForDeploymentPostprocessing = 0;
		};
		AD88D0CE1FFA1B2D002D02C0 /* Resources */ = {
			isa = PBXResourcesBuildPhase;
			buildActionMask = 2147483647;
			files = (
			);
			runOnlyForDeploymentPostprocessing = 0;
		};
/* End PBXResourcesBuildPhase section */

/* Begin PBXSourcesBuildPhase section */
		AD88D0AD1FFA1B2D002D02C0 /* Sources */ = {
			isa = PBXSourcesBuildPhase;
			buildActionMask = 2147483647;
			files = (
				AD88D0B71FFA1B2D002D02C0 /* ViewController.swift in Sources */,
				AD88D0B51FFA1B2D002D02C0 /* AppDelegate.swift in Sources */,
				3834DAE688AA8FA7A4D621D4 /* Brain.swift in Sources */,
				3834DC169B8CB80AC4266A96 /* Game.swift in Sources */,
			);
			runOnlyForDeploymentPostprocessing = 0;
		};
		AD88D0C11FFA1B2D002D02C0 /* Sources */ = {
			isa = PBXSourcesBuildPhase;
			buildActionMask = 2147483647;
			files = (
				AD88D0E31FFA21E4002D02C0 /* BrainTests.swift in Sources */,
				AD88D0E51FFAD608002D02C0 /* GameTests.swift in Sources */,
				AD88D0E71FFB6936002D02C0 /* ViewControllerUnitTests.swift in Sources */,
			);
			runOnlyForDeploymentPostprocessing = 0;
		};
		AD88D0CC1FFA1B2D002D02C0 /* Sources */ = {
			isa = PBXSourcesBuildPhase;
			buildActionMask = 2147483647;
			files = (
				AD88D0D51FFA1B2D002D02C0 /* FizzBuzzUITests.swift in Sources */,
			);
			runOnlyForDeploymentPostprocessing = 0;
		};
/* End PBXSourcesBuildPhase section */

/* Begin PBXTargetDependency section */
		AD88D0C71FFA1B2D002D02C0 /* PBXTargetDependency */ = {
			isa = PBXTargetDependency;
			target = AD88D0B01FFA1B2D002D02C0 /* FizzBuzz */;
			targetProxy = AD88D0C61FFA1B2D002D02C0 /* PBXContainerItemProxy */;
		};
		AD88D0D21FFA1B2D002D02C0 /* PBXTargetDependency */ = {
			isa = PBXTargetDependency;
			target = AD88D0B01FFA1B2D002D02C0 /* FizzBuzz */;
			targetProxy = AD88D0D11FFA1B2D002D02C0 /* PBXContainerItemProxy */;
		};
/* End PBXTargetDependency section */

/* Begin PBXVariantGroup section */
		AD88D0B81FFA1B2D002D02C0 /* Main.storyboard */ = {
			isa = PBXVariantGroup;
			children = (
				AD88D0B91FFA1B2D002D02C0 /* Base */,
			);
			name = Main.storyboard;
			sourceTree = "<group>";
		};
		AD88D0BD1FFA1B2D002D02C0 /* LaunchScreen.storyboard */ = {
			isa = PBXVariantGroup;
			children = (
				AD88D0BE1FFA1B2D002D02C0 /* Base */,
			);
			name = LaunchScreen.storyboard;
			sourceTree = "<group>";
		};
/* End PBXVariantGroup section */

/* Begin XCBuildConfiguration section */
		AD88D0D71FFA1B2D002D02C0 /* Debug */ = {
			isa = XCBuildConfiguration;
			buildSettings = {
				ALWAYS_SEARCH_USER_PATHS = NO;
				CLANG_ANALYZER_NONNULL = YES;
				CLANG_ANALYZER_NUMBER_OBJECT_CONVERSION = YES_AGGRESSIVE;
				CLANG_CXX_LANGUAGE_STANDARD = "gnu++14";
				CLANG_CXX_LIBRARY = "libc++";
				CLANG_ENABLE_MODULES = YES;
				CLANG_ENABLE_OBJC_ARC = YES;
				CLANG_WARN_BLOCK_CAPTURE_AUTORELEASING = YES;
				CLANG_WARN_BOOL_CONVERSION = YES;
				CLANG_WARN_COMMA = YES;
				CLANG_WARN_CONSTANT_CONVERSION = YES;
				CLANG_WARN_DIRECT_OBJC_ISA_USAGE = YES_ERROR;
				CLANG_WARN_DOCUMENTATION_COMMENTS = YES;
				CLANG_WARN_EMPTY_BODY = YES;
				CLANG_WARN_ENUM_CONVERSION = YES;
				CLANG_WARN_INFINITE_RECURSION = YES;
				CLANG_WARN_INT_CONVERSION = YES;
				CLANG_WARN_NON_LITERAL_NULL_CONVERSION = YES;
				CLANG_WARN_OBJC_LITERAL_CONVERSION = YES;
				CLANG_WARN_OBJC_ROOT_CLASS = YES_ERROR;
				CLANG_WARN_RANGE_LOOP_ANALYSIS = YES;
				CLANG_WARN_STRICT_PROTOTYPES = YES;
				CLANG_WARN_SUSPICIOUS_MOVE = YES;
				CLANG_WARN_UNGUARDED_AVAILABILITY = YES_AGGRESSIVE;
				CLANG_WARN_UNREACHABLE_CODE = YES;
				CLANG_WARN__DUPLICATE_METHOD_MATCH = YES;
				CODE_SIGN_IDENTITY = "iPhone Developer";
				COPY_PHASE_STRIP = NO;
				DEBUG_INFORMATION_FORMAT = dwarf;
				ENABLE_STRICT_OBJC_MSGSEND = YES;
				ENABLE_TESTABILITY = YES;
				GCC_C_LANGUAGE_STANDARD = gnu11;
				GCC_DYNAMIC_NO_PIC = NO;
				GCC_NO_COMMON_BLOCKS = YES;
				GCC_OPTIMIZATION_LEVEL = 0;
				GCC_PREPROCESSOR_DEFINITIONS = (
					"DEBUG=1",
					"$(inherited)",
				);
				GCC_WARN_64_TO_32_BIT_CONVERSION = YES;
				GCC_WARN_ABOUT_RETURN_TYPE = YES_ERROR;
				GCC_WARN_UNDECLARED_SELECTOR = YES;
				GCC_WARN_UNINITIALIZED_AUTOS = YES_AGGRESSIVE;
				GCC_WARN_UNUSED_FUNCTION = YES;
				GCC_WARN_UNUSED_VARIABLE = YES;
				IPHONEOS_DEPLOYMENT_TARGET = 11.2;
				MTL_ENABLE_DEBUG_INFO = YES;
				ONLY_ACTIVE_ARCH = YES;
				SDKROOT = iphoneos;
				SWIFT_ACTIVE_COMPILATION_CONDITIONS = DEBUG;
				SWIFT_OPTIMIZATION_LEVEL = "-Onone";
			};
			name = Debug;
		};
		AD88D0D81FFA1B2D002D02C0 /* Release */ = {
			isa = XCBuildConfiguration;
			buildSettings = {
				ALWAYS_SEARCH_USER_PATHS = NO;
				CLANG_ANALYZER_NONNULL = YES;
				CLANG_ANALYZER_NUMBER_OBJECT_CONVERSION = YES_AGGRESSIVE;
				CLANG_CXX_LANGUAGE_STANDARD = "gnu++14";
				CLANG_CXX_LIBRARY = "libc++";
				CLANG_ENABLE_MODULES = YES;
				CLANG_ENABLE_OBJC_ARC = YES;
				CLANG_WARN_BLOCK_CAPTURE_AUTORELEASING = YES;
				CLANG_WARN_BOOL_CONVERSION = YES;
				CLANG_WARN_COMMA = YES;
				CLANG_WARN_CONSTANT_CONVERSION = YES;
				CLANG_WARN_DIRECT_OBJC_ISA_USAGE = YES_ERROR;
				CLANG_WARN_DOCUMENTATION_COMMENTS = YES;
				CLANG_WARN_EMPTY_BODY = YES;
				CLANG_WARN_ENUM_CONVERSION = YES;
				CLANG_WARN_INFINITE_RECURSION = YES;
				CLANG_WARN_INT_CONVERSION = YES;
				CLANG_WARN_NON_LITERAL_NULL_CONVERSION = YES;
				CLANG_WARN_OBJC_LITERAL_CONVERSION = YES;
				CLANG_WARN_OBJC_ROOT_CLASS = YES_ERROR;
				CLANG_WARN_RANGE_LOOP_ANALYSIS = YES;
				CLANG_WARN_STRICT_PROTOTYPES = YES;
				CLANG_WARN_SUSPICIOUS_MOVE = YES;
				CLANG_WARN_UNGUARDED_AVAILABILITY = YES_AGGRESSIVE;
				CLANG_WARN_UNREACHABLE_CODE = YES;
				CLANG_WARN__DUPLICATE_METHOD_MATCH = YES;
				CODE_SIGN_IDENTITY = "iPhone Developer";
				COPY_PHASE_STRIP = NO;
				DEBUG_INFORMATION_FORMAT = "dwarf-with-dsym";
				ENABLE_NS_ASSERTIONS = NO;
				ENABLE_STRICT_OBJC_MSGSEND = YES;
				GCC_C_LANGUAGE_STANDARD = gnu11;
				GCC_NO_COMMON_BLOCKS = YES;
				GCC_WARN_64_TO_32_BIT_CONVERSION = YES;
				GCC_WARN_ABOUT_RETURN_TYPE = YES_ERROR;
				GCC_WARN_UNDECLARED_SELECTOR = YES;
				GCC_WARN_UNINITIALIZED_AUTOS = YES_AGGRESSIVE;
				GCC_WARN_UNUSED_FUNCTION = YES;
				GCC_WARN_UNUSED_VARIABLE = YES;
				IPHONEOS_DEPLOYMENT_TARGET = 11.2;
				MTL_ENABLE_DEBUG_INFO = NO;
				SDKROOT = iphoneos;
				SWIFT_OPTIMIZATION_LEVEL = "-Owholemodule";
				VALIDATE_PRODUCT = YES;
			};
			name = Release;
		};
		AD88D0DA1FFA1B2D002D02C0 /* Debug */ = {
			isa = XCBuildConfiguration;
			buildSettings = {
				ASSETCATALOG_COMPILER_APPICON_NAME = AppIcon;
				CODE_SIGN_STYLE = Automatic;
				DEVELOPMENT_TEAM = UDE8EVDD92;
				INFOPLIST_FILE = FizzBuzz/Info.plist;
				LD_RUNPATH_SEARCH_PATHS = "$(inherited) @executable_path/Frameworks";
				PRODUCT_BUNDLE_IDENTIFIER = "com.coelle-online.FizzBuzz";
				PRODUCT_NAME = "$(TARGET_NAME)";
				SWIFT_VERSION = 4.0;
				TARGETED_DEVICE_FAMILY = "1,2";
			};
			name = Debug;
		};
		AD88D0DB1FFA1B2D002D02C0 /* Release */ = {
			isa = XCBuildConfiguration;
			buildSettings = {
				ASSETCATALOG_COMPILER_APPICON_NAME = AppIcon;
				CODE_SIGN_STYLE = Automatic;
				DEVELOPMENT_TEAM = UDE8EVDD92;
				INFOPLIST_FILE = FizzBuzz/Info.plist;
				LD_RUNPATH_SEARCH_PATHS = "$(inherited) @executable_path/Frameworks";
				PRODUCT_BUNDLE_IDENTIFIER = "com.coelle-online.FizzBuzz";
				PRODUCT_NAME = "$(TARGET_NAME)";
				SWIFT_VERSION = 4.0;
				TARGETED_DEVICE_FAMILY = "1,2";
			};
			name = Release;
		};
		AD88D0DD1FFA1B2D002D02C0 /* Debug */ = {
			isa = XCBuildConfiguration;
			buildSettings = {
				ALWAYS_EMBED_SWIFT_STANDARD_LIBRARIES = YES;
				BUNDLE_LOADER = "$(TEST_HOST)";
				CLANG_ENABLE_MODULES = YES;
				CODE_SIGN_STYLE = Automatic;
				DEVELOPMENT_TEAM = UDE8EVDD92;
				INFOPLIST_FILE = FizzBuzzTests/Info.plist;
				LD_RUNPATH_SEARCH_PATHS = "$(inherited) @executable_path/Frameworks @loader_path/Frameworks";
				PRODUCT_BUNDLE_IDENTIFIER = "com.coelle-online.FizzBuzzTests";
				PRODUCT_NAME = "$(TARGET_NAME)";
				SWIFT_OPTIMIZATION_LEVEL = "-Onone";
				SWIFT_VERSION = 4.0;
				TARGETED_DEVICE_FAMILY = "1,2";
				TEST_HOST = "$(BUILT_PRODUCTS_DIR)/FizzBuzz.app/FizzBuzz";
			};
			name = Debug;
		};
		AD88D0DE1FFA1B2D002D02C0 /* Release */ = {
			isa = XCBuildConfiguration;
			buildSettings = {
				ALWAYS_EMBED_SWIFT_STANDARD_LIBRARIES = YES;
				BUNDLE_LOADER = "$(TEST_HOST)";
				CLANG_ENABLE_MODULES = YES;
				CODE_SIGN_STYLE = Automatic;
				DEVELOPMENT_TEAM = UDE8EVDD92;
				INFOPLIST_FILE = FizzBuzzTests/Info.plist;
				LD_RUNPATH_SEARCH_PATHS = "$(inherited) @executable_path/Frameworks @loader_path/Frameworks";
				PRODUCT_BUNDLE_IDENTIFIER = "com.coelle-online.FizzBuzzTests";
				PRODUCT_NAME = "$(TARGET_NAME)";
				SWIFT_VERSION = 4.0;
				TARGETED_DEVICE_FAMILY = "1,2";
				TEST_HOST = "$(BUILT_PRODUCTS_DIR)/FizzBuzz.app/FizzBuzz";
			};
			name = Release;
		};
		AD88D0E01FFA1B2D002D02C0 /* Debug */ = {
			isa = XCBuildConfiguration;
			buildSettings = {
				ALWAYS_EMBED_SWIFT_STANDARD_LIBRARIES = YES;
				CODE_SIGN_STYLE = Automatic;
				DEVELOPMENT_TEAM = UDE8EVDD92;
				INFOPLIST_FILE = FizzBuzzUITests/Info.plist;
				LD_RUNPATH_SEARCH_PATHS = "$(inherited) @executable_path/Frameworks @loader_path/Frameworks";
				PRODUCT_BUNDLE_IDENTIFIER = "com.coelle-online.FizzBuzzUITests";
				PRODUCT_NAME = "$(TARGET_NAME)";
				SWIFT_VERSION = 4.0;
				TARGETED_DEVICE_FAMILY = "1,2";
				TEST_TARGET_NAME = FizzBuzz;
			};
			name = Debug;
		};
		AD88D0E11FFA1B2D002D02C0 /* Release */ = {
			isa = XCBuildConfiguration;
			buildSettings = {
				ALWAYS_EMBED_SWIFT_STANDARD_LIBRARIES = YES;
				CODE_SIGN_STYLE = Automatic;
				DEVELOPMENT_TEAM = UDE8EVDD92;
				INFOPLIST_FILE = FizzBuzzUITests/Info.plist;
				LD_RUNPATH_SEARCH_PATHS = "$(inherited) @executable_path/Frameworks @loader_path/Frameworks";
				PRODUCT_BUNDLE_IDENTIFIER = "com.coelle-online.FizzBuzzUITests";
				PRODUCT_NAME = "$(TARGET_NAME)";
				SWIFT_VERSION = 4.0;
				TARGETED_DEVICE_FAMILY = "1,2";
				TEST_TARGET_NAME = FizzBuzz;
			};
			name = Release;
		};
/* End XCBuildConfiguration section */

/* Begin XCConfigurationList section */
		AD88D0AC1FFA1B2D002D02C0 /* Build configuration list for PBXProject "FizzBuzz" */ = {
			isa = XCConfigurationList;
			buildConfigurations = (
				AD88D0D71FFA1B2D002D02C0 /* Debug */,
				AD88D0D81FFA1B2D002D02C0 /* Release */,
			);
			defaultConfigurationIsVisible = 0;
			defaultConfigurationName = Release;
		};
		AD88D0D91FFA1B2D002D02C0 /* Build configuration list for PBXNativeTarget "FizzBuzz" */ = {
			isa = XCConfigurationList;
			buildConfigurations = (
				AD88D0DA1FFA1B2D002D02C0 /* Debug */,
				AD88D0DB1FFA1B2D002D02C0 /* Release */,
			);
			defaultConfigurationIsVisible = 0;
			defaultConfigurationName = Release;
		};
		AD88D0DC1FFA1B2D002D02C0 /* Build configuration list for PBXNativeTarget "FizzBuzzTests" */ = {
			isa = XCConfigurationList;
			buildConfigurations = (
				AD88D0DD1FFA1B2D002D02C0 /* Debug */,
				AD88D0DE1FFA1B2D002D02C0 /* Release */,
			);
			defaultConfigurationIsVisible = 0;
			defaultConfigurationName = Release;
		};
		AD88D0DF1FFA1B2D002D02C0 /* Build configuration list for PBXNativeTarget "FizzBuzzUITests" */ = {
			isa = XCConfigurationList;
			buildConfigurations = (
				AD88D0E01FFA1B2D002D02C0 /* Debug */,
				AD88D0E11FFA1B2D002D02C0 /* Release */,
			);
			defaultConfigurationIsVisible = 0;
			defaultConfigurationName = Release;
		};
/* End XCConfigurationList section */
	};
	rootObject = AD88D0A91FFA1B2D002D02C0 /* Project object */;
}
